
Microsoft Visual Studio Solution File, Format Version 12.00
# Visual Studio Version 17
VisualStudioVersion = 17.9.34622.214
MinimumVisualStudioVersion = 10.0.40219.1
Project("{9A19103F-16F7-4668-BE54-9A1E7A4F7556}") = "matvelickov-bitRuisseau", "matvelickov-bitRuisseau.csproj", "{8FC8AB8A-9A5B-40B2-804E-BD169520238D}"
EndProject
Project("{9A19103F-16F7-4668-BE54-9A1E7A4F7556}") = "Backend", "..\..\powercher\Backend\Backend.csproj", "{901410BA-37E8-492F-AD45-F541AB6B0649}"
EndProject
Project("{9A19103F-16F7-4668-BE54-9A1E7A4F7556}") = "Frontend", "..\..\powercher\Frontend\Frontend.csproj", "{AB175235-3B81-4197-94FF-66F256A0B484}"
EndProject
Global
	GlobalSection(SolutionConfigurationPlatforms) = preSolution
		Debug|Any CPU = Debug|Any CPU
		Release|Any CPU = Release|Any CPU
	EndGlobalSection
	GlobalSection(ProjectConfigurationPlatforms) = postSolution
		{8FC8AB8A-9A5B-40B2-804E-BD169520238D}.Debug|Any CPU.ActiveCfg = Debug|Any CPU
		{8FC8AB8A-9A5B-40B2-804E-BD169520238D}.Debug|Any CPU.Build.0 = Debug|Any CPU
		{8FC8AB8A-9A5B-40B2-804E-BD169520238D}.Release|Any CPU.ActiveCfg = Release|Any CPU
		{8FC8AB8A-9A5B-40B2-804E-BD169520238D}.Release|Any CPU.Build.0 = Release|Any CPU
		{901410BA-37E8-492F-AD45-F541AB6B0649}.Debug|Any CPU.ActiveCfg = Debug|Any CPU
		{901410BA-37E8-492F-AD45-F541AB6B0649}.Debug|Any CPU.Build.0 = Debug|Any CPU
		{901410BA-37E8-492F-AD45-F541AB6B0649}.Release|Any CPU.ActiveCfg = Release|Any CPU
		{901410BA-37E8-492F-AD45-F541AB6B0649}.Release|Any CPU.Build.0 = Release|Any CPU
		{AB175235-3B81-4197-94FF-66F256A0B484}.Debug|Any CPU.ActiveCfg = Debug|Any CPU
		{AB175235-3B81-4197-94FF-66F256A0B484}.Debug|Any CPU.Build.0 = Debug|Any CPU
		{AB175235-3B81-4197-94FF-66F256A0B484}.Release|Any CPU.ActiveCfg = Release|Any CPU
		{AB175235-3B81-4197-94FF-66F256A0B484}.Release|Any CPU.Build.0 = Release|Any CPU
	EndGlobalSection
	GlobalSection(SolutionProperties) = preSolution
		HideSolutionNode = FALSE
	EndGlobalSection
	GlobalSection(ExtensibilityGlobals) = postSolution
		SolutionGuid = {EDD0B16F-B280-4955-8D69-CE38256BFB4B}
	EndGlobalSection
EndGlobal
